
Microsoft Visual Studio Solution File, Format Version 11.00
# Visual Studio 2010
Project("{FAE04EC0-301F-11D3-BF4B-00C04F79EFBC}") = "Initiator", "Initiator\Initiator.csproj", "{E58A5FDE-BC0A-4B83-B52E-3D9B942A7690}"
EndProject
Project("{FAE04EC0-301F-11D3-BF4B-00C04F79EFBC}") = "LocalRandomNumberGenerator", "LocalRandomNumberGenerator\LocalRandomNumberGenerator.csproj", "{606EB1D8-4CB8-4505-A2CC-58AE98E4EF0D}"
EndProject
Project("{FAE04EC0-301F-11D3-BF4B-00C04F79EFBC}") = "RemoteRandomNumberGenerator", "RemoteRandomNumberGenerator\RemoteRandomNumberGenerator.csproj", "{2A504191-9A8A-4D17-A82B-576EED9231DD}"
EndProject
Global
	GlobalSection(SolutionConfigurationPlatforms) = preSolution
		Debug|Any CPU = Debug|Any CPU
		Debug|Mixed Platforms = Debug|Mixed Platforms
		Debug|x86 = Debug|x86
		Release|Any CPU = Release|Any CPU
		Release|Mixed Platforms = Release|Mixed Platforms
		Release|x86 = Release|x86
	EndGlobalSection
	GlobalSection(ProjectConfigurationPlatforms) = postSolution
		{E58A5FDE-BC0A-4B83-B52E-3D9B942A7690}.Debug|Any CPU.ActiveCfg = Debug|x86
		{E58A5FDE-BC0A-4B83-B52E-3D9B942A7690}.Debug|Mixed Platforms.ActiveCfg = Debug|x86
		{E58A5FDE-BC0A-4B83-B52E-3D9B942A7690}.Debug|Mixed Platforms.Build.0 = Debug|x86
		{E58A5FDE-BC0A-4B83-B52E-3D9B942A7690}.Debug|x86.ActiveCfg = Debug|x86
		{E58A5FDE-BC0A-4B83-B52E-3D9B942A7690}.Debug|x86.Build.0 = Debug|x86
		{E58A5FDE-BC0A-4B83-B52E-3D9B942A7690}.Release|Any CPU.ActiveCfg = Release|x86
		{E58A5FDE-BC0A-4B83-B52E-3D9B942A7690}.Release|Mixed Platforms.ActiveCfg = Release|x86
		{E58A5FDE-BC0A-4B83-B52E-3D9B942A7690}.Release|Mixed Platforms.Build.0 = Release|x86
		{E58A5FDE-BC0A-4B83-B52E-3D9B942A7690}.Release|x86.ActiveCfg = Release|x86
		{E58A5FDE-BC0A-4B83-B52E-3D9B942A7690}.Release|x86.Build.0 = Release|x86
		{606EB1D8-4CB8-4505-A2CC-58AE98E4EF0D}.Debug|Any CPU.ActiveCfg = Debug|x86
		{606EB1D8-4CB8-4505-A2CC-58AE98E4EF0D}.Debug|Mixed Platforms.ActiveCfg = Debug|x86
		{606EB1D8-4CB8-4505-A2CC-58AE98E4EF0D}.Debug|Mixed Platforms.Build.0 = Debug|x86
		{606EB1D8-4CB8-4505-A2CC-58AE98E4EF0D}.Debug|x86.ActiveCfg = Debug|x86
		{606EB1D8-4CB8-4505-A2CC-58AE98E4EF0D}.Debug|x86.Build.0 = Debug|x86
		{606EB1D8-4CB8-4505-A2CC-58AE98E4EF0D}.Release|Any CPU.ActiveCfg = Release|x86
		{606EB1D8-4CB8-4505-A2CC-58AE98E4EF0D}.Release|Mixed Platforms.ActiveCfg = Release|x86
		{606EB1D8-4CB8-4505-A2CC-58AE98E4EF0D}.Release|Mixed Platforms.Build.0 = Release|x86
		{606EB1D8-4CB8-4505-A2CC-58AE98E4EF0D}.Release|x86.ActiveCfg = Release|x86
		{606EB1D8-4CB8-4505-A2CC-58AE98E4EF0D}.Release|x86.Build.0 = Release|x86
		{2A504191-9A8A-4D17-A82B-576EED9231DD}.Debug|Any CPU.ActiveCfg = Debug|Any CPU
		{2A504191-9A8A-4D17-A82B-576EED9231DD}.Debug|Any CPU.Build.0 = Debug|Any CPU
		{2A504191-9A8A-4D17-A82B-576EED9231DD}.Debug|Mixed Platforms.ActiveCfg = Debug|Any CPU
		{2A504191-9A8A-4D17-A82B-576EED9231DD}.Debug|Mixed Platforms.Build.0 = Debug|Any CPU
		{2A504191-9A8A-4D17-A82B-576EED9231DD}.Debug|x86.ActiveCfg = Debug|Any CPU
		{2A504191-9A8A-4D17-A82B-576EED9231DD}.Release|Any CPU.ActiveCfg = Release|Any CPU
		{2A504191-9A8A-4D17-A82B-576EED9231DD}.Release|Any CPU.Build.0 = Release|Any CPU
		{2A504191-9A8A-4D17-A82B-576EED9231DD}.Release|Mixed Platforms.ActiveCfg = Release|Any CPU
		{2A504191-9A8A-4D17-A82B-576EED9231DD}.Release|Mixed Platforms.Build.0 = Release|Any CPU
		{2A504191-9A8A-4D17-A82B-576EED9231DD}.Release|x86.ActiveCfg = Release|Any CPU
	EndGlobalSection
	GlobalSection(SolutionProperties) = preSolution
		HideSolutionNode = FALSE
	EndGlobalSection
EndGlobal
